
Microsoft Visual Studio Solution File, Format Version 12.00
# Visual Studio Version 17
VisualStudioVersion = 17.14.36221.1 d17.14
MinimumVisualStudioVersion = 10.0.40219.1
Project("{FAE04EC0-301F-11D3-BF4B-00C04F79EFBC}") = "ConverterApp", "ConverterApp\ConverterApp.csproj", "{3C6F40D5-AF8C-4A5C-8D3F-51C2A427327D}"
EndProject
Global
	GlobalSection(SolutionConfigurationPlatforms) = preSolution
		Debug|Any CPU = Debug|Any CPU
		Release|Any CPU = Release|Any CPU
	EndGlobalSection
	GlobalSection(ProjectConfigurationPlatforms) = postSolution
		{3C6F40D5-AF8C-4A5C-8D3F-51C2A427327D}.Debug|Any CPU.ActiveCfg = Debug|Any CPU
		{3C6F40D5-AF8C-4A5C-8D3F-51C2A427327D}.Debug|Any CPU.Build.0 = Debug|Any CPU
		{3C6F40D5-AF8C-4A5C-8D3F-51C2A427327D}.Release|Any CPU.ActiveCfg = Release|Any CPU
		{3C6F40D5-AF8C-4A5C-8D3F-51C2A427327D}.Release|Any CPU.Build.0 = Release|Any CPU
	EndGlobalSection
	GlobalSection(SolutionProperties) = preSolution
		HideSolutionNode = FALSE
	EndGlobalSection
	GlobalSection(ExtensibilityGlobals) = postSolution
		SolutionGuid = {A44B1303-A35F-476E-87B5-999A813D04D2}
	EndGlobalSection
EndGlobal
